
Microsoft Visual Studio Solution File, Format Version 12.00
Project("{FAE04EC0-301F-11D3-BF4B-00C04F79EFBC}") = "ArticleAPI", "ArticleAPI\ArticleAPI.csproj", "{31B1CA96-7E99-40DD-9E04-0A6C447D968F}"
EndProject
Project("{FAE04EC0-301F-11D3-BF4B-00C04F79EFBC}") = "AuthenticationService", "AuthenticationService\AuthenticationService.csproj", "{27035EB0-E59B-45F9-A496-73745FD6AF0C}"
EndProject
Global
	GlobalSection(SolutionConfigurationPlatforms) = preSolution
		Debug|Any CPU = Debug|Any CPU
		Release|Any CPU = Release|Any CPU
	EndGlobalSection
	GlobalSection(ProjectConfigurationPlatforms) = postSolution
		{31B1CA96-7E99-40DD-9E04-0A6C447D968F}.Debug|Any CPU.ActiveCfg = Debug|Any CPU
		{31B1CA96-7E99-40DD-9E04-0A6C447D968F}.Debug|Any CPU.Build.0 = Debug|Any CPU
		{31B1CA96-7E99-40DD-9E04-0A6C447D968F}.Release|Any CPU.ActiveCfg = Release|Any CPU
		{31B1CA96-7E99-40DD-9E04-0A6C447D968F}.Release|Any CPU.Build.0 = Release|Any CPU
		{27035EB0-E59B-45F9-A496-73745FD6AF0C}.Debug|Any CPU.ActiveCfg = Debug|Any CPU
		{27035EB0-E59B-45F9-A496-73745FD6AF0C}.Debug|Any CPU.Build.0 = Debug|Any CPU
		{27035EB0-E59B-45F9-A496-73745FD6AF0C}.Release|Any CPU.ActiveCfg = Release|Any CPU
		{27035EB0-E59B-45F9-A496-73745FD6AF0C}.Release|Any CPU.Build.0 = Release|Any CPU
	EndGlobalSection
EndGlobal
