
Microsoft Visual Studio Solution File, Format Version 12.00
# Visual Studio 15
VisualStudioVersion = 15.0.28307.271
MinimumVisualStudioVersion = 10.0.40219.1
Project("{2150E333-8FDC-42A3-9474-1A3956D46DE8}") = "src", "src", "{E82F8D7C-AF55-4844-BD4E-0C41FAF1355C}"
EndProject
Project("{2150E333-8FDC-42A3-9474-1A3956D46DE8}") = "services", "services", "{E866555E-AAAE-49DF-B40D-D82A039DDE6E}"
EndProject
Project("{2150E333-8FDC-42A3-9474-1A3956D46DE8}") = "Article", "Article", "{DF366B01-98FD-49E7-8CA2-42B52C696BD2}"
EndProject
Project("{9A19103F-16F7-4668-BE54-9A1E7A4F7556}") = "Article.Api", "src\services\Article\Article.Api\Article.Api.csproj", "{1B8D3CC5-6841-46E6-97CD-E84C401EFD8B}"
EndProject
Project("{2150E333-8FDC-42A3-9474-1A3956D46DE8}") = "Identity", "Identity", "{1AA0892D-54BA-4FF0-B88F-065716AAEB16}"
EndProject
Project("{9A19103F-16F7-4668-BE54-9A1E7A4F7556}") = "Identity.Api", "src\services\Identity\Identity.Api\Identity.Api.csproj", "{ED8531B3-25EF-4BBA-BFBB-305EE92FA503}"
EndProject
Project("{2150E333-8FDC-42A3-9474-1A3956D46DE8}") = "clients", "clients", "{B61C10CB-3DE9-442A-95E2-951F4971F18C}"
EndProject
Project("{9A19103F-16F7-4668-BE54-9A1E7A4F7556}") = "WebAdmin", "src\clients\web-admin\WebAdmin.csproj", "{5086A985-56F3-4733-AD55-29CA251C0D0F}"
EndProject
Project("{2150E333-8FDC-42A3-9474-1A3956D46DE8}") = "common", "common", "{C1FE4504-342D-4E57-AD62-8BCD7CEE1EAE}"
EndProject
Project("{9A19103F-16F7-4668-BE54-9A1E7A4F7556}") = "WebHostConfiguration", "src\common\WebHostConfiguration\WebHostConfiguration.csproj", "{EA7F82A7-98CE-44B1-A414-A7C52AD4BE76}"
EndProject
Project("{2150E333-8FDC-42A3-9474-1A3956D46DE8}") = "tests", "tests", "{63C80D20-53B0-4737-8993-1AD6B1B415B5}"
EndProject
Project("{9A19103F-16F7-4668-BE54-9A1E7A4F7556}") = "Article.IntegrationTests", "src\services\Article\tests\Article.IntegrationTests\Article.IntegrationTests.csproj", "{A1AE125A-E9F7-473C-9A60-13A5D7C16B87}"
EndProject
Project("{9A19103F-16F7-4668-BE54-9A1E7A4F7556}") = "Article.UnitTests", "src\services\Article\tests\Article.UnitTests\Article.UnitTests.csproj", "{8C1E5B5B-9AB2-4CDC-91DF-02583AB58D19}"
EndProject
Project("{9A19103F-16F7-4668-BE54-9A1E7A4F7556}") = "DDDFoundations", "src\common\DDDFoundations\DDDFoundations.csproj", "{3DB1B911-BC78-4300-B55D-FC0C0F4ED6F1}"
EndProject
Project("{9A19103F-16F7-4668-BE54-9A1E7A4F7556}") = "Article.Domain", "src\services\Article\Article.Domain\Article.Domain.csproj", "{666A4EB5-965B-434D-A6D5-594912876651}"
EndProject
Project("{2150E333-8FDC-42A3-9474-1A3956D46DE8}") = "tests", "tests", "{3FB598AD-0313-4E19-A8D3-DDC2483F92DF}"
EndProject
Project("{9A19103F-16F7-4668-BE54-9A1E7A4F7556}") = "DDDFoundations.UnitTests", "src\common\tests\DDDFoundations.UnitTests\DDDFoundations.UnitTests.csproj", "{DD7695BA-C7CB-49B5-BF0A-DCC28C233451}"
EndProject
Project("{9A19103F-16F7-4668-BE54-9A1E7A4F7556}") = "Article.Infrastructure", "src\services\Article\Article.Infrastructure\Article.Infrastructure.csproj", "{692FFB08-0D0C-4EB8-BDA5-59B7E937023C}"
EndProject
Project("{E53339B2-1760-4266-BCC7-CA923CBCF16C}") = "docker-compose", "docker-compose.dcproj", "{AF7C5B70-C471-4324-9403-0A76A56B50E4}"
EndProject
Project("{2150E333-8FDC-42A3-9474-1A3956D46DE8}") = "api-gateways", "api-gateways", "{B9989114-A861-49B5-9C9D-ED5284ECF625}"
EndProject
Project("{FAE04EC0-301F-11D3-BF4B-00C04F79EFBC}") = "AdminGateway", "src\api-gateways\AdminGateway\AdminGateway.csproj", "{67149704-AAA3-42E3-90CA-0F17057112B4}"
EndProject
Global
	GlobalSection(SolutionConfigurationPlatforms) = preSolution
		Debug|Any CPU = Debug|Any CPU
		Release|Any CPU = Release|Any CPU
	EndGlobalSection
	GlobalSection(ProjectConfigurationPlatforms) = postSolution
		{1B8D3CC5-6841-46E6-97CD-E84C401EFD8B}.Debug|Any CPU.ActiveCfg = Debug|Any CPU
		{1B8D3CC5-6841-46E6-97CD-E84C401EFD8B}.Debug|Any CPU.Build.0 = Debug|Any CPU
		{1B8D3CC5-6841-46E6-97CD-E84C401EFD8B}.Release|Any CPU.ActiveCfg = Release|Any CPU
		{1B8D3CC5-6841-46E6-97CD-E84C401EFD8B}.Release|Any CPU.Build.0 = Release|Any CPU
		{ED8531B3-25EF-4BBA-BFBB-305EE92FA503}.Debug|Any CPU.ActiveCfg = Debug|Any CPU
		{ED8531B3-25EF-4BBA-BFBB-305EE92FA503}.Debug|Any CPU.Build.0 = Debug|Any CPU
		{ED8531B3-25EF-4BBA-BFBB-305EE92FA503}.Release|Any CPU.ActiveCfg = Release|Any CPU
		{ED8531B3-25EF-4BBA-BFBB-305EE92FA503}.Release|Any CPU.Build.0 = Release|Any CPU
		{5086A985-56F3-4733-AD55-29CA251C0D0F}.Debug|Any CPU.ActiveCfg = Debug|Any CPU
		{5086A985-56F3-4733-AD55-29CA251C0D0F}.Debug|Any CPU.Build.0 = Debug|Any CPU
		{5086A985-56F3-4733-AD55-29CA251C0D0F}.Release|Any CPU.ActiveCfg = Release|Any CPU
		{5086A985-56F3-4733-AD55-29CA251C0D0F}.Release|Any CPU.Build.0 = Release|Any CPU
		{EA7F82A7-98CE-44B1-A414-A7C52AD4BE76}.Debug|Any CPU.ActiveCfg = Debug|Any CPU
		{EA7F82A7-98CE-44B1-A414-A7C52AD4BE76}.Debug|Any CPU.Build.0 = Debug|Any CPU
		{EA7F82A7-98CE-44B1-A414-A7C52AD4BE76}.Release|Any CPU.ActiveCfg = Release|Any CPU
		{EA7F82A7-98CE-44B1-A414-A7C52AD4BE76}.Release|Any CPU.Build.0 = Release|Any CPU
		{A1AE125A-E9F7-473C-9A60-13A5D7C16B87}.Debug|Any CPU.ActiveCfg = Debug|Any CPU
		{A1AE125A-E9F7-473C-9A60-13A5D7C16B87}.Debug|Any CPU.Build.0 = Debug|Any CPU
		{A1AE125A-E9F7-473C-9A60-13A5D7C16B87}.Release|Any CPU.ActiveCfg = Release|Any CPU
		{A1AE125A-E9F7-473C-9A60-13A5D7C16B87}.Release|Any CPU.Build.0 = Release|Any CPU
		{8C1E5B5B-9AB2-4CDC-91DF-02583AB58D19}.Debug|Any CPU.ActiveCfg = Debug|Any CPU
		{8C1E5B5B-9AB2-4CDC-91DF-02583AB58D19}.Debug|Any CPU.Build.0 = Debug|Any CPU
		{8C1E5B5B-9AB2-4CDC-91DF-02583AB58D19}.Release|Any CPU.ActiveCfg = Release|Any CPU
		{8C1E5B5B-9AB2-4CDC-91DF-02583AB58D19}.Release|Any CPU.Build.0 = Release|Any CPU
		{3DB1B911-BC78-4300-B55D-FC0C0F4ED6F1}.Debug|Any CPU.ActiveCfg = Debug|Any CPU
		{3DB1B911-BC78-4300-B55D-FC0C0F4ED6F1}.Debug|Any CPU.Build.0 = Debug|Any CPU
		{3DB1B911-BC78-4300-B55D-FC0C0F4ED6F1}.Release|Any CPU.ActiveCfg = Release|Any CPU
		{3DB1B911-BC78-4300-B55D-FC0C0F4ED6F1}.Release|Any CPU.Build.0 = Release|Any CPU
		{666A4EB5-965B-434D-A6D5-594912876651}.Debug|Any CPU.ActiveCfg = Debug|Any CPU
		{666A4EB5-965B-434D-A6D5-594912876651}.Debug|Any CPU.Build.0 = Debug|Any CPU
		{666A4EB5-965B-434D-A6D5-594912876651}.Release|Any CPU.ActiveCfg = Release|Any CPU
		{666A4EB5-965B-434D-A6D5-594912876651}.Release|Any CPU.Build.0 = Release|Any CPU
		{DD7695BA-C7CB-49B5-BF0A-DCC28C233451}.Debug|Any CPU.ActiveCfg = Debug|Any CPU
		{DD7695BA-C7CB-49B5-BF0A-DCC28C233451}.Debug|Any CPU.Build.0 = Debug|Any CPU
		{DD7695BA-C7CB-49B5-BF0A-DCC28C233451}.Release|Any CPU.ActiveCfg = Release|Any CPU
		{DD7695BA-C7CB-49B5-BF0A-DCC28C233451}.Release|Any CPU.Build.0 = Release|Any CPU
		{692FFB08-0D0C-4EB8-BDA5-59B7E937023C}.Debug|Any CPU.ActiveCfg = Debug|Any CPU
		{692FFB08-0D0C-4EB8-BDA5-59B7E937023C}.Debug|Any CPU.Build.0 = Debug|Any CPU
		{692FFB08-0D0C-4EB8-BDA5-59B7E937023C}.Release|Any CPU.ActiveCfg = Release|Any CPU
		{692FFB08-0D0C-4EB8-BDA5-59B7E937023C}.Release|Any CPU.Build.0 = Release|Any CPU
		{AF7C5B70-C471-4324-9403-0A76A56B50E4}.Debug|Any CPU.ActiveCfg = Debug|Any CPU
		{AF7C5B70-C471-4324-9403-0A76A56B50E4}.Debug|Any CPU.Build.0 = Debug|Any CPU
		{AF7C5B70-C471-4324-9403-0A76A56B50E4}.Release|Any CPU.ActiveCfg = Release|Any CPU
		{AF7C5B70-C471-4324-9403-0A76A56B50E4}.Release|Any CPU.Build.0 = Release|Any CPU
		{67149704-AAA3-42E3-90CA-0F17057112B4}.Debug|Any CPU.ActiveCfg = Debug|Any CPU
		{67149704-AAA3-42E3-90CA-0F17057112B4}.Debug|Any CPU.Build.0 = Debug|Any CPU
		{67149704-AAA3-42E3-90CA-0F17057112B4}.Release|Any CPU.ActiveCfg = Release|Any CPU
		{67149704-AAA3-42E3-90CA-0F17057112B4}.Release|Any CPU.Build.0 = Release|Any CPU
	EndGlobalSection
	GlobalSection(SolutionProperties) = preSolution
		HideSolutionNode = FALSE
	EndGlobalSection
	GlobalSection(NestedProjects) = preSolution
		{E866555E-AAAE-49DF-B40D-D82A039DDE6E} = {E82F8D7C-AF55-4844-BD4E-0C41FAF1355C}
		{DF366B01-98FD-49E7-8CA2-42B52C696BD2} = {E866555E-AAAE-49DF-B40D-D82A039DDE6E}
		{1B8D3CC5-6841-46E6-97CD-E84C401EFD8B} = {DF366B01-98FD-49E7-8CA2-42B52C696BD2}
		{1AA0892D-54BA-4FF0-B88F-065716AAEB16} = {E866555E-AAAE-49DF-B40D-D82A039DDE6E}
		{ED8531B3-25EF-4BBA-BFBB-305EE92FA503} = {1AA0892D-54BA-4FF0-B88F-065716AAEB16}
		{B61C10CB-3DE9-442A-95E2-951F4971F18C} = {E82F8D7C-AF55-4844-BD4E-0C41FAF1355C}
		{5086A985-56F3-4733-AD55-29CA251C0D0F} = {B61C10CB-3DE9-442A-95E2-951F4971F18C}
		{C1FE4504-342D-4E57-AD62-8BCD7CEE1EAE} = {E82F8D7C-AF55-4844-BD4E-0C41FAF1355C}
		{EA7F82A7-98CE-44B1-A414-A7C52AD4BE76} = {C1FE4504-342D-4E57-AD62-8BCD7CEE1EAE}
		{63C80D20-53B0-4737-8993-1AD6B1B415B5} = {DF366B01-98FD-49E7-8CA2-42B52C696BD2}
		{A1AE125A-E9F7-473C-9A60-13A5D7C16B87} = {63C80D20-53B0-4737-8993-1AD6B1B415B5}
		{8C1E5B5B-9AB2-4CDC-91DF-02583AB58D19} = {63C80D20-53B0-4737-8993-1AD6B1B415B5}
		{3DB1B911-BC78-4300-B55D-FC0C0F4ED6F1} = {C1FE4504-342D-4E57-AD62-8BCD7CEE1EAE}
		{666A4EB5-965B-434D-A6D5-594912876651} = {DF366B01-98FD-49E7-8CA2-42B52C696BD2}
		{3FB598AD-0313-4E19-A8D3-DDC2483F92DF} = {C1FE4504-342D-4E57-AD62-8BCD7CEE1EAE}
		{DD7695BA-C7CB-49B5-BF0A-DCC28C233451} = {3FB598AD-0313-4E19-A8D3-DDC2483F92DF}
		{692FFB08-0D0C-4EB8-BDA5-59B7E937023C} = {DF366B01-98FD-49E7-8CA2-42B52C696BD2}
		{B9989114-A861-49B5-9C9D-ED5284ECF625} = {E82F8D7C-AF55-4844-BD4E-0C41FAF1355C}
		{67149704-AAA3-42E3-90CA-0F17057112B4} = {B9989114-A861-49B5-9C9D-ED5284ECF625}
	EndGlobalSection
	GlobalSection(ExtensibilityGlobals) = postSolution
		SolutionGuid = {6D6FC6E1-EEBC-4686-BBFD-C492AEBEA00D}
	EndGlobalSection
EndGlobal
